{
  "nodes": {
    "nixpkgs": {
      "locked": {
        "lastModified": 1717410585,
        "narHash": "sha256-fcCsnFZ8IesqOBe/OqfyRlMnsmmmhGolWTsa38iGwDo=",
        "owner": "NixOS",
        "repo": "nixpkgs",
        "rev": "35d01638bc609ff5f3b4d9a7cc1027d0099333e1",
        "type": "github"
      },
      "original": {
        "owner": "NixOS",
        "ref": "release-24.05",
        "repo": "nixpkgs",
        "type": "github"
      }
    },
    "root": {
      "inputs": {
        "nixpkgs": "nixpkgs"
      }
    }
  },
  "root": "root",
  "version": 7
}
